// !$*UTF8*$!
{
	archiveVersion = 1;
	classes = {
	};
	objectVersion = 46;
	objects = {

/* Begin PBXBuildFile section */
		470F9B83137B1B5D0060B69C /* UIKit.framework in Frameworks */ = {isa = PBXBuildFile; fileRef = 470F9B82137B1B5D0060B69C /* UIKit.framework */; };
		470F9B85137B1B5D0060B69C /* Foundation.framework in Frameworks */ = {isa = PBXBuildFile; fileRef = 470F9B84137B1B5D0060B69C /* Foundation.framework */; };
		470F9B87137B1B5D0060B69C /* CoreGraphics.framework in Frameworks */ = {isa = PBXBuildFile; fileRef = 470F9B86137B1B5D0060B69C /* CoreGraphics.framework */; };
		470F9B8D137B1B5D0060B69C /* InfoPlist.strings in Resources */ = {isa = PBXBuildFile; fileRef = 470F9B8B137B1B5D0060B69C /* InfoPlist.strings */; };
		470F9B90137B1B5D0060B69C /* main.m in Sources */ = {isa = PBXBuildFile; fileRef = 470F9B8F137B1B5D0060B69C /* main.m */; };
		470F9B93137B1B5D0060B69C /* provaScrollViewAppDelegate.m in Sources */ = {isa = PBXBuildFile; fileRef = 470F9B92137B1B5D0060B69C /* provaScrollViewAppDelegate.m */; };
		470F9B96137B1B5D0060B69C /* MainWindow.xib in Resources */ = {isa = PBXBuildFile; fileRef = 470F9B94137B1B5D0060B69C /* MainWindow.xib */; };
		470F9B99137B1B5D0060B69C /* provaScrollViewViewController.m in Sources */ = {isa = PBXBuildFile; fileRef = 470F9B98137B1B5D0060B69C /* provaScrollViewViewController.m */; };
		470F9B9C137B1B5D0060B69C /* provaScrollViewViewController.xib in Resources */ = {isa = PBXBuildFile; fileRef = 470F9B9A137B1B5D0060B69C /* provaScrollViewViewController.xib */; };
		470F9BA3137B1B5D0060B69C /* UIKit.framework in Frameworks */ = {isa = PBXBuildFile; fileRef = 470F9B82137B1B5D0060B69C /* UIKit.framework */; };
		470F9BA4137B1B5D0060B69C /* Foundation.framework in Frameworks */ = {isa = PBXBuildFile; fileRef = 470F9B84137B1B5D0060B69C /* Foundation.framework */; };
		470F9BA5137B1B5D0060B69C /* CoreGraphics.framework in Frameworks */ = {isa = PBXBuildFile; fileRef = 470F9B86137B1B5D0060B69C /* CoreGraphics.framework */; };
		470F9BAD137B1B5D0060B69C /* InfoPlist.strings in Resources */ = {isa = PBXBuildFile; fileRef = 470F9BAB137B1B5D0060B69C /* InfoPlist.strings */; };
		470F9BB0137B1B5D0060B69C /* provaScrollViewTests.h in Resources */ = {isa = PBXBuildFile; fileRef = 470F9BAF137B1B5D0060B69C /* provaScrollViewTests.h */; };
		470F9BB2137B1B5D0060B69C /* provaScrollViewTests.m in Sources */ = {isa = PBXBuildFile; fileRef = 470F9BB1137B1B5D0060B69C /* provaScrollViewTests.m */; };
		A17778EC137C1BB500BB4D05 /* GTMNSString+HTML.m in Sources */ = {isa = PBXBuildFile; fileRef = A17778DE137C1BB500BB4D05 /* GTMNSString+HTML.m */; };
		A17778ED137C1BB500BB4D05 /* MWFeedInfo.m in Sources */ = {isa = PBXBuildFile; fileRef = A17778E0137C1BB500BB4D05 /* MWFeedInfo.m */; };
		A17778EE137C1BB500BB4D05 /* MWFeedItem.m in Sources */ = {isa = PBXBuildFile; fileRef = A17778E2137C1BB500BB4D05 /* MWFeedItem.m */; };
		A17778EF137C1BB500BB4D05 /* MWFeedParser.m in Sources */ = {isa = PBXBuildFile; fileRef = A17778E5137C1BB500BB4D05 /* MWFeedParser.m */; };
		A17778F0137C1BB500BB4D05 /* NSDate+InternetDateTime.m in Sources */ = {isa = PBXBuildFile; fileRef = A17778E7137C1BB500BB4D05 /* NSDate+InternetDateTime.m */; };
		A17778F1137C1BB500BB4D05 /* NSString+HTML.m in Sources */ = {isa = PBXBuildFile; fileRef = A17778E9137C1BB500BB4D05 /* NSString+HTML.m */; };
		A17778F2137C1BB500BB4D05 /* NSString+XMLEntities.m in Sources */ = {isa = PBXBuildFile; fileRef = A17778EB137C1BB500BB4D05 /* NSString+XMLEntities.m */; };
		A1DC6755137BB211003F85BA /* NSObject+JSON.m in Sources */ = {isa = PBXBuildFile; fileRef = A1DC673F137BB211003F85BA /* NSObject+JSON.m */; };
		A1DC6756137BB211003F85BA /* NSObject+JSON.m in Sources */ = {isa = PBXBuildFile; fileRef = A1DC673F137BB211003F85BA /* NSObject+JSON.m */; };
		A1DC6757137BB211003F85BA /* SBJsonParser.m in Sources */ = {isa = PBXBuildFile; fileRef = A1DC6742137BB211003F85BA /* SBJsonParser.m */; };
		A1DC6758137BB211003F85BA /* SBJsonParser.m in Sources */ = {isa = PBXBuildFile; fileRef = A1DC6742137BB211003F85BA /* SBJsonParser.m */; };
		A1DC6759137BB211003F85BA /* SBJsonStreamParser.m in Sources */ = {isa = PBXBuildFile; fileRef = A1DC6744137BB211003F85BA /* SBJsonStreamParser.m */; };
		A1DC675A137BB211003F85BA /* SBJsonStreamParser.m in Sources */ = {isa = PBXBuildFile; fileRef = A1DC6744137BB211003F85BA /* SBJsonStreamParser.m */; };
		A1DC675B137BB211003F85BA /* SBJsonStreamParserAccumulator.m in Sources */ = {isa = PBXBuildFile; fileRef = A1DC6746137BB211003F85BA /* SBJsonStreamParserAccumulator.m */; };
		A1DC675C137BB211003F85BA /* SBJsonStreamParserAccumulator.m in Sources */ = {isa = PBXBuildFile; fileRef = A1DC6746137BB211003F85BA /* SBJsonStreamParserAccumulator.m */; };
		A1DC675D137BB211003F85BA /* SBJsonStreamParserAdapter.m in Sources */ = {isa = PBXBuildFile; fileRef = A1DC6748137BB211003F85BA /* SBJsonStreamParserAdapter.m */; };
		A1DC675E137BB211003F85BA /* SBJsonStreamParserAdapter.m in Sources */ = {isa = PBXBuildFile; fileRef = A1DC6748137BB211003F85BA /* SBJsonStreamParserAdapter.m */; };
		A1DC675F137BB211003F85BA /* SBJsonStreamParserState.m in Sources */ = {isa = PBXBuildFile; fileRef = A1DC674A137BB211003F85BA /* SBJsonStreamParserState.m */; };
		A1DC6760137BB211003F85BA /* SBJsonStreamParserState.m in Sources */ = {isa = PBXBuildFile; fileRef = A1DC674A137BB211003F85BA /* SBJsonStreamParserState.m */; };
		A1DC6761137BB211003F85BA /* SBJsonStreamWriter.m in Sources */ = {isa = PBXBuildFile; fileRef = A1DC674C137BB211003F85BA /* SBJsonStreamWriter.m */; };
		A1DC6762137BB211003F85BA /* SBJsonStreamWriter.m in Sources */ = {isa = PBXBuildFile; fileRef = A1DC674C137BB211003F85BA /* SBJsonStreamWriter.m */; };
		A1DC6763137BB211003F85BA /* SBJsonStreamWriterAccumulator.m in Sources */ = {isa = PBXBuildFile; fileRef = A1DC674E137BB211003F85BA /* SBJsonStreamWriterAccumulator.m */; };
		A1DC6764137BB211003F85BA /* SBJsonStreamWriterAccumulator.m in Sources */ = {isa = PBXBuildFile; fileRef = A1DC674E137BB211003F85BA /* SBJsonStreamWriterAccumulator.m */; };
		A1DC6765137BB211003F85BA /* SBJsonStreamWriterState.m in Sources */ = {isa = PBXBuildFile; fileRef = A1DC6750137BB211003F85BA /* SBJsonStreamWriterState.m */; };
		A1DC6766137BB211003F85BA /* SBJsonStreamWriterState.m in Sources */ = {isa = PBXBuildFile; fileRef = A1DC6750137BB211003F85BA /* SBJsonStreamWriterState.m */; };
		A1DC6767137BB211003F85BA /* SBJsonTokeniser.m in Sources */ = {isa = PBXBuildFile; fileRef = A1DC6752137BB211003F85BA /* SBJsonTokeniser.m */; };
		A1DC6768137BB211003F85BA /* SBJsonTokeniser.m in Sources */ = {isa = PBXBuildFile; fileRef = A1DC6752137BB211003F85BA /* SBJsonTokeniser.m */; };
		A1DC6769137BB211003F85BA /* SBJsonWriter.m in Sources */ = {isa = PBXBuildFile; fileRef = A1DC6754137BB211003F85BA /* SBJsonWriter.m */; };
		A1DC676A137BB211003F85BA /* SBJsonWriter.m in Sources */ = {isa = PBXBuildFile; fileRef = A1DC6754137BB211003F85BA /* SBJsonWriter.m */; };
		A1DC676D137BB21D003F85BA /* XSTweetView.m in Sources */ = {isa = PBXBuildFile; fileRef = A1DC676C137BB21D003F85BA /* XSTweetView.m */; };
		A1DC6771137BB257003F85BA /* XSLightTweetView.m in Sources */ = {isa = PBXBuildFile; fileRef = A1DC6770137BB257003F85BA /* XSLightTweetView.m */; };
		A1DC677E137BE104003F85BA /* TweetViewController.m in Sources */ = {isa = PBXBuildFile; fileRef = A1DC677C137BE104003F85BA /* TweetViewController.m */; };
		A1DC677F137BE104003F85BA /* TweetView.xib in Resources */ = {isa = PBXBuildFile; fileRef = A1DC677D137BE104003F85BA /* TweetView.xib */; };
/* End PBXBuildFile section */

/* Begin PBXContainerItemProxy section */
		470F9BA6137B1B5D0060B69C /* PBXContainerItemProxy */ = {
			isa = PBXContainerItemProxy;
			containerPortal = 470F9B75137B1B5C0060B69C /* Project object */;
			proxyType = 1;
			remoteGlobalIDString = 470F9B7D137B1B5D0060B69C;
			remoteInfo = provaScrollView;
		};
/* End PBXContainerItemProxy section */

/* Begin PBXFileReference section */
		470F9B7E137B1B5D0060B69C /* provaScrollView.app */ = {isa = PBXFileReference; explicitFileType = wrapper.application; includeInIndex = 0; path = provaScrollView.app; sourceTree = BUILT_PRODUCTS_DIR; };
		470F9B82137B1B5D0060B69C /* UIKit.framework */ = {isa = PBXFileReference; lastKnownFileType = wrapper.framework; name = UIKit.framework; path = System/Library/Frameworks/UIKit.framework; sourceTree = SDKROOT; };
		470F9B84137B1B5D0060B69C /* Foundation.framework */ = {isa = PBXFileReference; lastKnownFileType = wrapper.framework; name = Foundation.framework; path = System/Library/Frameworks/Foundation.framework; sourceTree = SDKROOT; };
		470F9B86137B1B5D0060B69C /* CoreGraphics.framework */ = {isa = PBXFileReference; lastKnownFileType = wrapper.framework; name = CoreGraphics.framework; path = System/Library/Frameworks/CoreGraphics.framework; sourceTree = SDKROOT; };
		470F9B8A137B1B5D0060B69C /* provaScrollView-Info.plist */ = {isa = PBXFileReference; lastKnownFileType = text.plist.xml; path = "provaScrollView-Info.plist"; sourceTree = "<group>"; };
		470F9B8C137B1B5D0060B69C /* en */ = {isa = PBXFileReference; lastKnownFileType = text.plist.strings; name = en; path = en.lproj/InfoPlist.strings; sourceTree = "<group>"; };
		470F9B8E137B1B5D0060B69C /* provaScrollView-Prefix.pch */ = {isa = PBXFileReference; lastKnownFileType = sourcecode.c.h; path = "provaScrollView-Prefix.pch"; sourceTree = "<group>"; };
		470F9B8F137B1B5D0060B69C /* main.m */ = {isa = PBXFileReference; lastKnownFileType = sourcecode.c.objc; path = main.m; sourceTree = "<group>"; };
		470F9B91137B1B5D0060B69C /* provaScrollViewAppDelegate.h */ = {isa = PBXFileReference; lastKnownFileType = sourcecode.c.h; path = provaScrollViewAppDelegate.h; sourceTree = "<group>"; };
		470F9B92137B1B5D0060B69C /* provaScrollViewAppDelegate.m */ = {isa = PBXFileReference; lastKnownFileType = sourcecode.c.objc; path = provaScrollViewAppDelegate.m; sourceTree = "<group>"; };
		470F9B95137B1B5D0060B69C /* en */ = {isa = PBXFileReference; lastKnownFileType = file.xib; name = en; path = en.lproj/MainWindow.xib; sourceTree = "<group>"; };
		470F9B97137B1B5D0060B69C /* provaScrollViewViewController.h */ = {isa = PBXFileReference; lastKnownFileType = sourcecode.c.h; path = provaScrollViewViewController.h; sourceTree = "<group>"; };
		470F9B98137B1B5D0060B69C /* provaScrollViewViewController.m */ = {isa = PBXFileReference; lastKnownFileType = sourcecode.c.objc; path = provaScrollViewViewController.m; sourceTree = "<group>"; };
		470F9B9B137B1B5D0060B69C /* en */ = {isa = PBXFileReference; lastKnownFileType = file.xib; name = en; path = en.lproj/provaScrollViewViewController.xib; sourceTree = "<group>"; };
		470F9BA2137B1B5D0060B69C /* provaScrollViewTests.octest */ = {isa = PBXFileReference; explicitFileType = wrapper.cfbundle; includeInIndex = 0; path = provaScrollViewTests.octest; sourceTree = BUILT_PRODUCTS_DIR; };
		470F9BAA137B1B5D0060B69C /* provaScrollViewTests-Info.plist */ = {isa = PBXFileReference; lastKnownFileType = text.plist.xml; path = "provaScrollViewTests-Info.plist"; sourceTree = "<group>"; };
		470F9BAC137B1B5D0060B69C /* en */ = {isa = PBXFileReference; lastKnownFileType = text.plist.strings; name = en; path = en.lproj/InfoPlist.strings; sourceTree = "<group>"; };
		470F9BAE137B1B5D0060B69C /* provaScrollViewTests-Prefix.pch */ = {isa = PBXFileReference; lastKnownFileType = sourcecode.c.h; path = "provaScrollViewTests-Prefix.pch"; sourceTree = "<group>"; };
		470F9BAF137B1B5D0060B69C /* provaScrollViewTests.h */ = {isa = PBXFileReference; lastKnownFileType = sourcecode.c.h; path = provaScrollViewTests.h; sourceTree = "<group>"; };
		470F9BB1137B1B5D0060B69C /* provaScrollViewTests.m */ = {isa = PBXFileReference; lastKnownFileType = sourcecode.c.objc; path = provaScrollViewTests.m; sourceTree = "<group>"; };
		A17778DD137C1BB500BB4D05 /* GTMNSString+HTML.h */ = {isa = PBXFileReference; fileEncoding = 4; lastKnownFileType = sourcecode.c.h; path = "GTMNSString+HTML.h"; sourceTree = "<group>"; };
		A17778DE137C1BB500BB4D05 /* GTMNSString+HTML.m */ = {isa = PBXFileReference; fileEncoding = 4; lastKnownFileType = sourcecode.c.objc; path = "GTMNSString+HTML.m"; sourceTree = "<group>"; };
		A17778DF137C1BB500BB4D05 /* MWFeedInfo.h */ = {isa = PBXFileReference; fileEncoding = 4; lastKnownFileType = sourcecode.c.h; path = MWFeedInfo.h; sourceTree = "<group>"; };
		A17778E0137C1BB500BB4D05 /* MWFeedInfo.m */ = {isa = PBXFileReference; fileEncoding = 4; lastKnownFileType = sourcecode.c.objc; path = MWFeedInfo.m; sourceTree = "<group>"; };
		A17778E1137C1BB500BB4D05 /* MWFeedItem.h */ = {isa = PBXFileReference; fileEncoding = 4; lastKnownFileType = sourcecode.c.h; path = MWFeedItem.h; sourceTree = "<group>"; };
		A17778E2137C1BB500BB4D05 /* MWFeedItem.m */ = {isa = PBXFileReference; fileEncoding = 4; lastKnownFileType = sourcecode.c.objc; path = MWFeedItem.m; sourceTree = "<group>"; };
		A17778E3137C1BB500BB4D05 /* MWFeedParser_Private.h */ = {isa = PBXFileReference; fileEncoding = 4; lastKnownFileType = sourcecode.c.h; path = MWFeedParser_Private.h; sourceTree = "<group>"; };
		A17778E4137C1BB500BB4D05 /* MWFeedParser.h */ = {isa = PBXFileReference; fileEncoding = 4; lastKnownFileType = sourcecode.c.h; path = MWFeedParser.h; sourceTree = "<group>"; };
		A17778E5137C1BB500BB4D05 /* MWFeedParser.m */ = {isa = PBXFileReference; fileEncoding = 4; lastKnownFileType = sourcecode.c.objc; path = MWFeedParser.m; sourceTree = "<group>"; };
		A17778E6137C1BB500BB4D05 /* NSDate+InternetDateTime.h */ = {isa = PBXFileReference; fileEncoding = 4; lastKnownFileType = sourcecode.c.h; path = "NSDate+InternetDateTime.h"; sourceTree = "<group>"; };
		A17778E7137C1BB500BB4D05 /* NSDate+InternetDateTime.m */ = {isa = PBXFileReference; fileEncoding = 4; lastKnownFileType = sourcecode.c.objc; path = "NSDate+InternetDateTime.m"; sourceTree = "<group>"; };
		A17778E8137C1BB500BB4D05 /* NSString+HTML.h */ = {isa = PBXFileReference; fileEncoding = 4; lastKnownFileType = sourcecode.c.h; path = "NSString+HTML.h"; sourceTree = "<group>"; };
		A17778E9137C1BB500BB4D05 /* NSString+HTML.m */ = {isa = PBXFileReference; fileEncoding = 4; lastKnownFileType = sourcecode.c.objc; path = "NSString+HTML.m"; sourceTree = "<group>"; };
		A17778EA137C1BB500BB4D05 /* NSString+XMLEntities.h */ = {isa = PBXFileReference; fileEncoding = 4; lastKnownFileType = sourcecode.c.h; path = "NSString+XMLEntities.h"; sourceTree = "<group>"; };
		A17778EB137C1BB500BB4D05 /* NSString+XMLEntities.m */ = {isa = PBXFileReference; fileEncoding = 4; lastKnownFileType = sourcecode.c.objc; path = "NSString+XMLEntities.m"; sourceTree = "<group>"; };
		A17778F5137C1E9F00BB4D05 /* GTMDefines.h */ = {isa = PBXFileReference; fileEncoding = 4; lastKnownFileType = sourcecode.c.h; path = GTMDefines.h; sourceTree = "<group>"; };
		A1DC673D137BB211003F85BA /* JSON.h */ = {isa = PBXFileReference; fileEncoding = 4; lastKnownFileType = sourcecode.c.h; path = JSON.h; sourceTree = "<group>"; };
		A1DC673E137BB211003F85BA /* NSObject+JSON.h */ = {isa = PBXFileReference; fileEncoding = 4; lastKnownFileType = sourcecode.c.h; path = "NSObject+JSON.h"; sourceTree = "<group>"; };
		A1DC673F137BB211003F85BA /* NSObject+JSON.m */ = {isa = PBXFileReference; fileEncoding = 4; lastKnownFileType = sourcecode.c.objc; path = "NSObject+JSON.m"; sourceTree = "<group>"; };
		A1DC6740137BB211003F85BA /* SBJsonIncludes.h */ = {isa = PBXFileReference; fileEncoding = 4; lastKnownFileType = sourcecode.c.h; path = SBJsonIncludes.h; sourceTree = "<group>"; };
		A1DC6741137BB211003F85BA /* SBJsonParser.h */ = {isa = PBXFileReference; fileEncoding = 4; lastKnownFileType = sourcecode.c.h; path = SBJsonParser.h; sourceTree = "<group>"; };
		A1DC6742137BB211003F85BA /* SBJsonParser.m */ = {isa = PBXFileReference; fileEncoding = 4; lastKnownFileType = sourcecode.c.objc; path = SBJsonParser.m; sourceTree = "<group>"; };
		A1DC6743137BB211003F85BA /* SBJsonStreamParser.h */ = {isa = PBXFileReference; fileEncoding = 4; lastKnownFileType = sourcecode.c.h; path = SBJsonStreamParser.h; sourceTree = "<group>"; };
		A1DC6744137BB211003F85BA /* SBJsonStreamParser.m */ = {isa = PBXFileReference; fileEncoding = 4; lastKnownFileType = sourcecode.c.objc; path = SBJsonStreamParser.m; sourceTree = "<group>"; };
		A1DC6745137BB211003F85BA /* SBJsonStreamParserAccumulator.h */ = {isa = PBXFileReference; fileEncoding = 4; lastKnownFileType = sourcecode.c.h; path = SBJsonStreamParserAccumulator.h; sourceTree = "<group>"; };
		A1DC6746137BB211003F85BA /* SBJsonStreamParserAccumulator.m */ = {isa = PBXFileReference; fileEncoding = 4; lastKnownFileType = sourcecode.c.objc; path = SBJsonStreamParserAccumulator.m; sourceTree = "<group>"; };
		A1DC6747137BB211003F85BA /* SBJsonStreamParserAdapter.h */ = {isa = PBXFileReference; fileEncoding = 4; lastKnownFileType = sourcecode.c.h; path = SBJsonStreamParserAdapter.h; sourceTree = "<group>"; };
		A1DC6748137BB211003F85BA /* SBJsonStreamParserAdapter.m */ = {isa = PBXFileReference; fileEncoding = 4; lastKnownFileType = sourcecode.c.objc; path = SBJsonStreamParserAdapter.m; sourceTree = "<group>"; };
		A1DC6749137BB211003F85BA /* SBJsonStreamParserState.h */ = {isa = PBXFileReference; fileEncoding = 4; lastKnownFileType = sourcecode.c.h; path = SBJsonStreamParserState.h; sourceTree = "<group>"; };
		A1DC674A137BB211003F85BA /* SBJsonStreamParserState.m */ = {isa = PBXFileReference; fileEncoding = 4; lastKnownFileType = sourcecode.c.objc; path = SBJsonStreamParserState.m; sourceTree = "<group>"; };
		A1DC674B137BB211003F85BA /* SBJsonStreamWriter.h */ = {isa = PBXFileReference; fileEncoding = 4; lastKnownFileType = sourcecode.c.h; path = SBJsonStreamWriter.h; sourceTree = "<group>"; };
		A1DC674C137BB211003F85BA /* SBJsonStreamWriter.m */ = {isa = PBXFileReference; fileEncoding = 4; lastKnownFileType = sourcecode.c.objc; path = SBJsonStreamWriter.m; sourceTree = "<group>"; };
		A1DC674D137BB211003F85BA /* SBJsonStreamWriterAccumulator.h */ = {isa = PBXFileReference; fileEncoding = 4; lastKnownFileType = sourcecode.c.h; path = SBJsonStreamWriterAccumulator.h; sourceTree = "<group>"; };
		A1DC674E137BB211003F85BA /* SBJsonStreamWriterAccumulator.m */ = {isa = PBXFileReference; fileEncoding = 4; lastKnownFileType = sourcecode.c.objc; path = SBJsonStreamWriterAccumulator.m; sourceTree = "<group>"; };
		A1DC674F137BB211003F85BA /* SBJsonStreamWriterState.h */ = {isa = PBXFileReference; fileEncoding = 4; lastKnownFileType = sourcecode.c.h; path = SBJsonStreamWriterState.h; sourceTree = "<group>"; };
		A1DC6750137BB211003F85BA /* SBJsonStreamWriterState.m */ = {isa = PBXFileReference; fileEncoding = 4; lastKnownFileType = sourcecode.c.objc; path = SBJsonStreamWriterState.m; sourceTree = "<group>"; };
		A1DC6751137BB211003F85BA /* SBJsonTokeniser.h */ = {isa = PBXFileReference; fileEncoding = 4; lastKnownFileType = sourcecode.c.h; path = SBJsonTokeniser.h; sourceTree = "<group>"; };
		A1DC6752137BB211003F85BA /* SBJsonTokeniser.m */ = {isa = PBXFileReference; fileEncoding = 4; lastKnownFileType = sourcecode.c.objc; path = SBJsonTokeniser.m; sourceTree = "<group>"; };
		A1DC6753137BB211003F85BA /* SBJsonWriter.h */ = {isa = PBXFileReference; fileEncoding = 4; lastKnownFileType = sourcecode.c.h; path = SBJsonWriter.h; sourceTree = "<group>"; };
		A1DC6754137BB211003F85BA /* SBJsonWriter.m */ = {isa = PBXFileReference; fileEncoding = 4; lastKnownFileType = sourcecode.c.objc; path = SBJsonWriter.m; sourceTree = "<group>"; };
		A1DC676B137BB21D003F85BA /* XSTweetView.h */ = {isa = PBXFileReference; fileEncoding = 4; lastKnownFileType = sourcecode.c.h; path = XSTweetView.h; sourceTree = "<group>"; };
		A1DC676C137BB21D003F85BA /* XSTweetView.m */ = {isa = PBXFileReference; fileEncoding = 4; lastKnownFileType = sourcecode.c.objc; path = XSTweetView.m; sourceTree = "<group>"; };
		A1DC676F137BB257003F85BA /* XSLightTweetView.h */ = {isa = PBXFileReference; fileEncoding = 4; lastKnownFileType = sourcecode.c.h; path = XSLightTweetView.h; sourceTree = "<group>"; };
		A1DC6770137BB257003F85BA /* XSLightTweetView.m */ = {isa = PBXFileReference; fileEncoding = 4; lastKnownFileType = sourcecode.c.objc; path = XSLightTweetView.m; sourceTree = "<group>"; };
		A1DC6772137BCC85003F85BA /* README */ = {isa = PBXFileReference; lastKnownFileType = text; path = README; sourceTree = "<group>"; };
		A1DC677B137BE103003F85BA /* TweetViewController.h */ = {isa = PBXFileReference; fileEncoding = 4; lastKnownFileType = sourcecode.c.h; path = TweetViewController.h; sourceTree = "<group>"; };
		A1DC677C137BE104003F85BA /* TweetViewController.m */ = {isa = PBXFileReference; fileEncoding = 4; lastKnownFileType = sourcecode.c.objc; path = TweetViewController.m; sourceTree = "<group>"; };
		A1DC677D137BE104003F85BA /* TweetView.xib */ = {isa = PBXFileReference; fileEncoding = 4; lastKnownFileType = file.xib; path = TweetView.xib; sourceTree = "<group>"; };
/* End PBXFileReference section */

/* Begin PBXFrameworksBuildPhase section */
		470F9B7B137B1B5D0060B69C /* Frameworks */ = {
			isa = PBXFrameworksBuildPhase;
			buildActionMask = 2147483647;
			files = (
				470F9B83137B1B5D0060B69C /* UIKit.framework in Frameworks */,
				470F9B85137B1B5D0060B69C /* Foundation.framework in Frameworks */,
				470F9B87137B1B5D0060B69C /* CoreGraphics.framework in Frameworks */,
			);
			runOnlyForDeploymentPostprocessing = 0;
		};
		470F9B9E137B1B5D0060B69C /* Frameworks */ = {
			isa = PBXFrameworksBuildPhase;
			buildActionMask = 2147483647;
			files = (
				470F9BA3137B1B5D0060B69C /* UIKit.framework in Frameworks */,
				470F9BA4137B1B5D0060B69C /* Foundation.framework in Frameworks */,
				470F9BA5137B1B5D0060B69C /* CoreGraphics.framework in Frameworks */,
			);
			runOnlyForDeploymentPostprocessing = 0;
		};
/* End PBXFrameworksBuildPhase section */

/* Begin PBXGroup section */
		470F9B73137B1B5C0060B69C = {
			isa = PBXGroup;
			children = (
				A1DC6772137BCC85003F85BA /* README */,
				470F9B88137B1B5D0060B69C /* provaScrollView */,
				470F9BA8137B1B5D0060B69C /* provaScrollViewTests */,
				470F9B81137B1B5D0060B69C /* Frameworks */,
				470F9B7F137B1B5D0060B69C /* Products */,
			);
			sourceTree = "<group>";
		};
		470F9B7F137B1B5D0060B69C /* Products */ = {
			isa = PBXGroup;
			children = (
				470F9B7E137B1B5D0060B69C /* provaScrollView.app */,
				470F9BA2137B1B5D0060B69C /* provaScrollViewTests.octest */,
			);
			name = Products;
			sourceTree = "<group>";
		};
		470F9B81137B1B5D0060B69C /* Frameworks */ = {
			isa = PBXGroup;
			children = (
				470F9B82137B1B5D0060B69C /* UIKit.framework */,
				470F9B84137B1B5D0060B69C /* Foundation.framework */,
				470F9B86137B1B5D0060B69C /* CoreGraphics.framework */,
			);
			name = Frameworks;
			sourceTree = "<group>";
		};
		470F9B88137B1B5D0060B69C /* provaScrollView */ = {
			isa = PBXGroup;
			children = (
				A17778F4137C1BB900BB4D05 /* FeedParser */,
				A1DC673B137BB1E7003F85BA /* JSON */,
				A1DC676E137BB227003F85BA /* Custom Views */,
				470F9B91137B1B5D0060B69C /* provaScrollViewAppDelegate.h */,
				470F9B92137B1B5D0060B69C /* provaScrollViewAppDelegate.m */,
				470F9B94137B1B5D0060B69C /* MainWindow.xib */,
				470F9B97137B1B5D0060B69C /* provaScrollViewViewController.h */,
				470F9B98137B1B5D0060B69C /* provaScrollViewViewController.m */,
				A1DC677B137BE103003F85BA /* TweetViewController.h */,
				A1DC677C137BE104003F85BA /* TweetViewController.m */,
				A1DC677D137BE104003F85BA /* TweetView.xib */,
				470F9B9A137B1B5D0060B69C /* provaScrollViewViewController.xib */,
				470F9B89137B1B5D0060B69C /* Supporting Files */,
			);
			path = provaScrollView;
			sourceTree = "<group>";
		};
		470F9B89137B1B5D0060B69C /* Supporting Files */ = {
			isa = PBXGroup;
			children = (
				470F9B8A137B1B5D0060B69C /* provaScrollView-Info.plist */,
				470F9B8B137B1B5D0060B69C /* InfoPlist.strings */,
				470F9B8E137B1B5D0060B69C /* provaScrollView-Prefix.pch */,
				470F9B8F137B1B5D0060B69C /* main.m */,
			);
			name = "Supporting Files";
			sourceTree = "<group>";
		};
		470F9BA8137B1B5D0060B69C /* provaScrollViewTests */ = {
			isa = PBXGroup;
			children = (
				470F9BAF137B1B5D0060B69C /* provaScrollViewTests.h */,
				470F9BB1137B1B5D0060B69C /* provaScrollViewTests.m */,
				470F9BA9137B1B5D0060B69C /* Supporting Files */,
			);
			path = provaScrollViewTests;
			sourceTree = "<group>";
		};
		470F9BA9137B1B5D0060B69C /* Supporting Files */ = {
			isa = PBXGroup;
			children = (
				470F9BAA137B1B5D0060B69C /* provaScrollViewTests-Info.plist */,
				470F9BAB137B1B5D0060B69C /* InfoPlist.strings */,
				470F9BAE137B1B5D0060B69C /* provaScrollViewTests-Prefix.pch */,
			);
			name = "Supporting Files";
			sourceTree = "<group>";
		};
		A17778F4137C1BB900BB4D05 /* FeedParser */ = {
			isa = PBXGroup;
			children = (
				A17778F5137C1E9F00BB4D05 /* GTMDefines.h */,
				A17778DD137C1BB500BB4D05 /* GTMNSString+HTML.h */,
				A17778DE137C1BB500BB4D05 /* GTMNSString+HTML.m */,
				A17778DF137C1BB500BB4D05 /* MWFeedInfo.h */,
				A17778E0137C1BB500BB4D05 /* MWFeedInfo.m */,
				A17778E1137C1BB500BB4D05 /* MWFeedItem.h */,
				A17778E2137C1BB500BB4D05 /* MWFeedItem.m */,
				A17778E3137C1BB500BB4D05 /* MWFeedParser_Private.h */,
				A17778E4137C1BB500BB4D05 /* MWFeedParser.h */,
				A17778E5137C1BB500BB4D05 /* MWFeedParser.m */,
				A17778E6137C1BB500BB4D05 /* NSDate+InternetDateTime.h */,
				A17778E7137C1BB500BB4D05 /* NSDate+InternetDateTime.m */,
				A17778E8137C1BB500BB4D05 /* NSString+HTML.h */,
				A17778E9137C1BB500BB4D05 /* NSString+HTML.m */,
				A17778EA137C1BB500BB4D05 /* NSString+XMLEntities.h */,
				A17778EB137C1BB500BB4D05 /* NSString+XMLEntities.m */,
			);
			name = FeedParser;
			sourceTree = "<group>";
		};
		A1DC673B137BB1E7003F85BA /* JSON */ = {
			isa = PBXGroup;
			children = (
				A1DC673D137BB211003F85BA /* JSON.h */,
				A1DC673E137BB211003F85BA /* NSObject+JSON.h */,
				A1DC673F137BB211003F85BA /* NSObject+JSON.m */,
				A1DC6740137BB211003F85BA /* SBJsonIncludes.h */,
				A1DC6741137BB211003F85BA /* SBJsonParser.h */,
				A1DC6742137BB211003F85BA /* SBJsonParser.m */,
				A1DC6743137BB211003F85BA /* SBJsonStreamParser.h */,
				A1DC6744137BB211003F85BA /* SBJsonStreamParser.m */,
				A1DC6745137BB211003F85BA /* SBJsonStreamParserAccumulator.h */,
				A1DC6746137BB211003F85BA /* SBJsonStreamParserAccumulator.m */,
				A1DC6747137BB211003F85BA /* SBJsonStreamParserAdapter.h */,
				A1DC6748137BB211003F85BA /* SBJsonStreamParserAdapter.m */,
				A1DC6749137BB211003F85BA /* SBJsonStreamParserState.h */,
				A1DC674A137BB211003F85BA /* SBJsonStreamParserState.m */,
				A1DC674B137BB211003F85BA /* SBJsonStreamWriter.h */,
				A1DC674C137BB211003F85BA /* SBJsonStreamWriter.m */,
				A1DC674D137BB211003F85BA /* SBJsonStreamWriterAccumulator.h */,
				A1DC674E137BB211003F85BA /* SBJsonStreamWriterAccumulator.m */,
				A1DC674F137BB211003F85BA /* SBJsonStreamWriterState.h */,
				A1DC6750137BB211003F85BA /* SBJsonStreamWriterState.m */,
				A1DC6751137BB211003F85BA /* SBJsonTokeniser.h */,
				A1DC6752137BB211003F85BA /* SBJsonTokeniser.m */,
				A1DC6753137BB211003F85BA /* SBJsonWriter.h */,
				A1DC6754137BB211003F85BA /* SBJsonWriter.m */,
			);
			name = JSON;
			sourceTree = "<group>";
		};
		A1DC676E137BB227003F85BA /* Custom Views */ = {
			isa = PBXGroup;
			children = (
				A1DC676B137BB21D003F85BA /* XSTweetView.h */,
				A1DC676C137BB21D003F85BA /* XSTweetView.m */,
				A1DC676F137BB257003F85BA /* XSLightTweetView.h */,
				A1DC6770137BB257003F85BA /* XSLightTweetView.m */,
			);
			name = "Custom Views";
			sourceTree = "<group>";
		};
/* End PBXGroup section */

/* Begin PBXNativeTarget section */
		470F9B7D137B1B5D0060B69C /* provaScrollView */ = {
			isa = PBXNativeTarget;
			buildConfigurationList = 470F9BB5137B1B5D0060B69C /* Build configuration list for PBXNativeTarget "provaScrollView" */;
			buildPhases = (
				470F9B7A137B1B5D0060B69C /* Sources */,
				470F9B7B137B1B5D0060B69C /* Frameworks */,
				470F9B7C137B1B5D0060B69C /* Resources */,
			);
			buildRules = (
			);
			dependencies = (
			);
			name = provaScrollView;
			productName = provaScrollView;
			productReference = 470F9B7E137B1B5D0060B69C /* provaScrollView.app */;
			productType = "com.apple.product-type.application";
		};
		470F9BA1137B1B5D0060B69C /* provaScrollViewTests */ = {
			isa = PBXNativeTarget;
			buildConfigurationList = 470F9BB8137B1B5D0060B69C /* Build configuration list for PBXNativeTarget "provaScrollViewTests" */;
			buildPhases = (
				470F9B9D137B1B5D0060B69C /* Sources */,
				470F9B9E137B1B5D0060B69C /* Frameworks */,
				470F9B9F137B1B5D0060B69C /* Resources */,
				470F9BA0137B1B5D0060B69C /* ShellScript */,
			);
			buildRules = (
			);
			dependencies = (
				470F9BA7137B1B5D0060B69C /* PBXTargetDependency */,
			);
			name = provaScrollViewTests;
			productName = provaScrollViewTests;
			productReference = 470F9BA2137B1B5D0060B69C /* provaScrollViewTests.octest */;
			productType = "com.apple.product-type.bundle";
		};
/* End PBXNativeTarget section */

/* Begin PBXProject section */
		470F9B75137B1B5C0060B69C /* Project object */ = {
			isa = PBXProject;
			buildConfigurationList = 470F9B78137B1B5C0060B69C /* Build configuration list for PBXProject "provaScrollView" */;
			compatibilityVersion = "Xcode 3.2";
			developmentRegion = English;
			hasScannedForEncodings = 0;
			knownRegions = (
				en,
			);
			mainGroup = 470F9B73137B1B5C0060B69C;
			productRefGroup = 470F9B7F137B1B5D0060B69C /* Products */;
			projectDirPath = "";
			projectRoot = "";
			targets = (
				470F9B7D137B1B5D0060B69C /* provaScrollView */,
				470F9BA1137B1B5D0060B69C /* provaScrollViewTests */,
			);
		};
/* End PBXProject section */

/* Begin PBXResourcesBuildPhase section */
		470F9B7C137B1B5D0060B69C /* Resources */ = {
			isa = PBXResourcesBuildPhase;
			buildActionMask = 2147483647;
			files = (
				470F9B8D137B1B5D0060B69C /* InfoPlist.strings in Resources */,
				470F9B96137B1B5D0060B69C /* MainWindow.xib in Resources */,
				470F9B9C137B1B5D0060B69C /* provaScrollViewViewController.xib in Resources */,
				A1DC677F137BE104003F85BA /* TweetView.xib in Resources */,
			);
			runOnlyForDeploymentPostprocessing = 0;
		};
		470F9B9F137B1B5D0060B69C /* Resources */ = {
			isa = PBXResourcesBuildPhase;
			buildActionMask = 2147483647;
			files = (
				470F9BAD137B1B5D0060B69C /* InfoPlist.strings in Resources */,
				470F9BB0137B1B5D0060B69C /* provaScrollViewTests.h in Resources */,
			);
			runOnlyForDeploymentPostprocessing = 0;
		};
/* End PBXResourcesBuildPhase section */

/* Begin PBXShellScriptBuildPhase section */
		470F9BA0137B1B5D0060B69C /* ShellScript */ = {
			isa = PBXShellScriptBuildPhase;
			buildActionMask = 2147483647;
			files = (
			);
			inputPaths = (
			);
			outputPaths = (
			);
			runOnlyForDeploymentPostprocessing = 0;
			shellPath = /bin/sh;
			shellScript = "# Run the unit tests in this test bundle.\n\"${SYSTEM_DEVELOPER_DIR}/Tools/RunUnitTests\"\n";
		};
/* End PBXShellScriptBuildPhase section */

/* Begin PBXSourcesBuildPhase section */
		470F9B7A137B1B5D0060B69C /* Sources */ = {
			isa = PBXSourcesBuildPhase;
			buildActionMask = 2147483647;
			files = (
				470F9B90137B1B5D0060B69C /* main.m in Sources */,
				470F9B93137B1B5D0060B69C /* provaScrollViewAppDelegate.m in Sources */,
				470F9B99137B1B5D0060B69C /* provaScrollViewViewController.m in Sources */,
				A1DC6755137BB211003F85BA /* NSObject+JSON.m in Sources */,
				A1DC6757137BB211003F85BA /* SBJsonParser.m in Sources */,
				A1DC6759137BB211003F85BA /* SBJsonStreamParser.m in Sources */,
				A1DC675B137BB211003F85BA /* SBJsonStreamParserAccumulator.m in Sources */,
				A1DC675D137BB211003F85BA /* SBJsonStreamParserAdapter.m in Sources */,
				A1DC675F137BB211003F85BA /* SBJsonStreamParserState.m in Sources */,
				A1DC6761137BB211003F85BA /* SBJsonStreamWriter.m in Sources */,
				A1DC6763137BB211003F85BA /* SBJsonStreamWriterAccumulator.m in Sources */,
				A1DC6765137BB211003F85BA /* SBJsonStreamWriterState.m in Sources */,
				A1DC6767137BB211003F85BA /* SBJsonTokeniser.m in Sources */,
				A1DC6769137BB211003F85BA /* SBJsonWriter.m in Sources */,
				A1DC676D137BB21D003F85BA /* XSTweetView.m in Sources */,
				A1DC6771137BB257003F85BA /* XSLightTweetView.m in Sources */,
				A1DC677E137BE104003F85BA /* TweetViewController.m in Sources */,
				A17778EC137C1BB500BB4D05 /* GTMNSString+HTML.m in Sources */,
				A17778ED137C1BB500BB4D05 /* MWFeedInfo.m in Sources */,
				A17778EE137C1BB500BB4D05 /* MWFeedItem.m in Sources */,
				A17778EF137C1BB500BB4D05 /* MWFeedParser.m in Sources */,
				A17778F0137C1BB500BB4D05 /* NSDate+InternetDateTime.m in Sources */,
				A17778F1137C1BB500BB4D05 /* NSString+HTML.m in Sources */,
				A17778F2137C1BB500BB4D05 /* NSString+XMLEntities.m in Sources */,
			);
			runOnlyForDeploymentPostprocessing = 0;
		};
		470F9B9D137B1B5D0060B69C /* Sources */ = {
			isa = PBXSourcesBuildPhase;
			buildActionMask = 2147483647;
			files = (
				470F9BB2137B1B5D0060B69C /* provaScrollViewTests.m in Sources */,
				A1DC6756137BB211003F85BA /* NSObject+JSON.m in Sources */,
				A1DC6758137BB211003F85BA /* SBJsonParser.m in Sources */,
				A1DC675A137BB211003F85BA /* SBJsonStreamParser.m in Sources */,
				A1DC675C137BB211003F85BA /* SBJsonStreamParserAccumulator.m in Sources */,
				A1DC675E137BB211003F85BA /* SBJsonStreamParserAdapter.m in Sources */,
				A1DC6760137BB211003F85BA /* SBJsonStreamParserState.m in Sources */,
				A1DC6762137BB211003F85BA /* SBJsonStreamWriter.m in Sources */,
				A1DC6764137BB211003F85BA /* SBJsonStreamWriterAccumulator.m in Sources */,
				A1DC6766137BB211003F85BA /* SBJsonStreamWriterState.m in Sources */,
				A1DC6768137BB211003F85BA /* SBJsonTokeniser.m in Sources */,
				A1DC676A137BB211003F85BA /* SBJsonWriter.m in Sources */,
			);
			runOnlyForDeploymentPostprocessing = 0;
		};
/* End PBXSourcesBuildPhase section */

/* Begin PBXTargetDependency section */
		470F9BA7137B1B5D0060B69C /* PBXTargetDependency */ = {
			isa = PBXTargetDependency;
			target = 470F9B7D137B1B5D0060B69C /* provaScrollView */;
			targetProxy = 470F9BA6137B1B5D0060B69C /* PBXContainerItemProxy */;
		};
/* End PBXTargetDependency section */

/* Begin PBXVariantGroup section */
		470F9B8B137B1B5D0060B69C /* InfoPlist.strings */ = {
			isa = PBXVariantGroup;
			children = (
				470F9B8C137B1B5D0060B69C /* en */,
			);
			name = InfoPlist.strings;
			sourceTree = "<group>";
		};
		470F9B94137B1B5D0060B69C /* MainWindow.xib */ = {
			isa = PBXVariantGroup;
			children = (
				470F9B95137B1B5D0060B69C /* en */,
			);
			name = MainWindow.xib;
			sourceTree = "<group>";
		};
		470F9B9A137B1B5D0060B69C /* provaScrollViewViewController.xib */ = {
			isa = PBXVariantGroup;
			children = (
				470F9B9B137B1B5D0060B69C /* en */,
			);
			name = provaScrollViewViewController.xib;
			sourceTree = "<group>";
		};
		470F9BAB137B1B5D0060B69C /* InfoPlist.strings */ = {
			isa = PBXVariantGroup;
			children = (
				470F9BAC137B1B5D0060B69C /* en */,
			);
			name = InfoPlist.strings;
			sourceTree = "<group>";
		};
/* End PBXVariantGroup section */

/* Begin XCBuildConfiguration section */
		470F9BB3137B1B5D0060B69C /* Debug */ = {
			isa = XCBuildConfiguration;
			buildSettings = {
				ARCHS = "$(ARCHS_UNIVERSAL_IPHONE_OS)";
				"CODE_SIGN_IDENTITY[sdk=iphoneos*]" = "iPhone Developer";
				GCC_C_LANGUAGE_STANDARD = gnu99;
				GCC_OPTIMIZATION_LEVEL = 0;
				GCC_PREPROCESSOR_DEFINITIONS = DEBUG;
				GCC_SYMBOLS_PRIVATE_EXTERN = NO;
				GCC_VERSION = com.apple.compilers.llvmgcc42;
				GCC_WARN_ABOUT_RETURN_TYPE = YES;
				GCC_WARN_UNUSED_VARIABLE = YES;
				IPHONEOS_DEPLOYMENT_TARGET = 4.3;
				SDKROOT = iphoneos;
				TARGETED_DEVICE_FAMILY = 2;
			};
			name = Debug;
		};
		470F9BB4137B1B5D0060B69C /* Release */ = {
			isa = XCBuildConfiguration;
			buildSettings = {
				ARCHS = "$(ARCHS_UNIVERSAL_IPHONE_OS)";
				"CODE_SIGN_IDENTITY[sdk=iphoneos*]" = "iPhone Developer";
				GCC_C_LANGUAGE_STANDARD = gnu99;
				GCC_VERSION = com.apple.compilers.llvmgcc42;
				GCC_WARN_ABOUT_RETURN_TYPE = YES;
				GCC_WARN_UNUSED_VARIABLE = YES;
				IPHONEOS_DEPLOYMENT_TARGET = 4.3;
				OTHER_CFLAGS = "-DNS_BLOCK_ASSERTIONS=1";
				SDKROOT = iphoneos;
				TARGETED_DEVICE_FAMILY = 2;
			};
			name = Release;
		};
		470F9BB6137B1B5D0060B69C /* Debug */ = {
			isa = XCBuildConfiguration;
			buildSettings = {
				ALWAYS_SEARCH_USER_PATHS = NO;
				COPY_PHASE_STRIP = NO;
				GCC_DYNAMIC_NO_PIC = NO;
				GCC_PRECOMPILE_PREFIX_HEADER = YES;
				GCC_PREFIX_HEADER = "provaScrollView/provaScrollView-Prefix.pch";
				INFOPLIST_FILE = "provaScrollView/provaScrollView-Info.plist";
				PRODUCT_NAME = "$(TARGET_NAME)";
				WRAPPER_EXTENSION = app;
			};
			name = Debug;
		};
		470F9BB7137B1B5D0060B69C /* Release */ = {
			isa = XCBuildConfiguration;
			buildSettings = {
				ALWAYS_SEARCH_USER_PATHS = NO;
				COPY_PHASE_STRIP = YES;
				GCC_PRECOMPILE_PREFIX_HEADER = YES;
				GCC_PREFIX_HEADER = "provaScrollView/provaScrollView-Prefix.pch";
				INFOPLIST_FILE = "provaScrollView/provaScrollView-Info.plist";
				PRODUCT_NAME = "$(TARGET_NAME)";
				VALIDATE_PRODUCT = YES;
				WRAPPER_EXTENSION = app;
			};
			name = Release;
		};
		470F9BB9137B1B5D0060B69C /* Debug */ = {
			isa = XCBuildConfiguration;
			buildSettings = {
				ALWAYS_SEARCH_USER_PATHS = NO;
				ARCHS = "$(ARCHS_STANDARD_32_BIT)";
				BUNDLE_LOADER = "$(BUILT_PRODUCTS_DIR)/provaScrollView.app/provaScrollView";
				FRAMEWORK_SEARCH_PATHS = (
					"$(SDKROOT)/Developer/Library/Frameworks",
					"$(DEVELOPER_LIBRARY_DIR)/Frameworks",
				);
				GCC_PRECOMPILE_PREFIX_HEADER = YES;
				GCC_PREFIX_HEADER = "provaScrollViewTests/provaScrollViewTests-Prefix.pch";
				INFOPLIST_FILE = "provaScrollViewTests/provaScrollViewTests-Info.plist";
				OTHER_LDFLAGS = (
					"-framework",
					SenTestingKit,
				);
				PRODUCT_NAME = "$(TARGET_NAME)";
				TEST_HOST = "$(BUNDLE_LOADER)";
				WRAPPER_EXTENSION = octest;
			};
			name = Debug;
		};
		470F9BBA137B1B5D0060B69C /* Release */ = {
			isa = XCBuildConfiguration;
			buildSettings = {
				ALWAYS_SEARCH_USER_PATHS = NO;
				ARCHS = "$(ARCHS_STANDARD_32_BIT)";
				BUNDLE_LOADER = "$(BUILT_PRODUCTS_DIR)/provaScrollView.app/provaScrollView";
				FRAMEWORK_SEARCH_PATHS = (
					"$(SDKROOT)/Developer/Library/Frameworks",
					"$(DEVELOPER_LIBRARY_DIR)/Frameworks",
				);
				GCC_PRECOMPILE_PREFIX_HEADER = YES;
				GCC_PREFIX_HEADER = "provaScrollViewTests/provaScrollViewTests-Prefix.pch";
				INFOPLIST_FILE = "provaScrollViewTests/provaScrollViewTests-Info.plist";
				OTHER_LDFLAGS = (
					"-framework",
					SenTestingKit,
				);
				PRODUCT_NAME = "$(TARGET_NAME)";
				TEST_HOST = "$(BUNDLE_LOADER)";
				WRAPPER_EXTENSION = octest;
			};
			name = Release;
		};
/* End XCBuildConfiguration section */

/* Begin XCConfigurationList section */
		470F9B78137B1B5C0060B69C /* Build configuration list for PBXProject "provaScrollView" */ = {
			isa = XCConfigurationList;
			buildConfigurations = (
				470F9BB3137B1B5D0060B69C /* Debug */,
				470F9BB4137B1B5D0060B69C /* Release */,
			);
			defaultConfigurationIsVisible = 0;
			defaultConfigurationName = Release;
		};
		470F9BB5137B1B5D0060B69C /* Build configuration list for PBXNativeTarget "provaScrollView" */ = {
			isa = XCConfigurationList;
			buildConfigurations = (
				470F9BB6137B1B5D0060B69C /* Debug */,
				470F9BB7137B1B5D0060B69C /* Release */,
			);
			defaultConfigurationIsVisible = 0;
			defaultConfigurationName = Release;
		};
		470F9BB8137B1B5D0060B69C /* Build configuration list for PBXNativeTarget "provaScrollViewTests" */ = {
			isa = XCConfigurationList;
			buildConfigurations = (
				470F9BB9137B1B5D0060B69C /* Debug */,
				470F9BBA137B1B5D0060B69C /* Release */,
			);
			defaultConfigurationIsVisible = 0;
			defaultConfigurationName = Release;
		};
/* End XCConfigurationList section */
	};
	rootObject = 470F9B75137B1B5C0060B69C /* Project object */;
}
